
Microsoft Visual Studio Solution File, Format Version 12.00
# Visual Studio Version 16
VisualStudioVersion = 16.0.30523.141
MinimumVisualStudioVersion = 10.0.40219.1
Project("{9A19103F-16F7-4668-BE54-9A1E7A4F7556}") = "ElectronicShop.Data", "ElectronicShop.Data\ElectronicShop.Data.csproj", "{4212BE8F-ED61-41FA-9F14-4245C37E20B3}"
EndProject
Project("{9A19103F-16F7-4668-BE54-9A1E7A4F7556}") = "ElectronicShop.Application", "ElectronicShop.Application\ElectronicShop.Application.csproj", "{C3A35790-337A-4D3F-86E4-E68F5F0BD192}"
EndProject
Project("{9A19103F-16F7-4668-BE54-9A1E7A4F7556}") = "ElectronicShop.WebApi", "ElectronicShop.WebApi\ElectronicShop.WebApi.csproj", "{501B408A-3580-4724-9BD9-F6562F67962E}"
EndProject
Project("{FAE04EC0-301F-11D3-BF4B-00C04F79EFBC}") = "ElectronicShop.Utilities", "ElectronicShop.Utilities\ElectronicShop.Utilities.csproj", "{02A24AC8-1E78-4E77-BBDD-8CC8AC95307A}"
EndProject
Global
	GlobalSection(SolutionConfigurationPlatforms) = preSolution
		Debug|Any CPU = Debug|Any CPU
		Release|Any CPU = Release|Any CPU
	EndGlobalSection
	GlobalSection(ProjectConfigurationPlatforms) = postSolution
		{4212BE8F-ED61-41FA-9F14-4245C37E20B3}.Debug|Any CPU.ActiveCfg = Debug|Any CPU
		{4212BE8F-ED61-41FA-9F14-4245C37E20B3}.Debug|Any CPU.Build.0 = Debug|Any CPU
		{4212BE8F-ED61-41FA-9F14-4245C37E20B3}.Release|Any CPU.ActiveCfg = Release|Any CPU
		{4212BE8F-ED61-41FA-9F14-4245C37E20B3}.Release|Any CPU.Build.0 = Release|Any CPU
		{C3A35790-337A-4D3F-86E4-E68F5F0BD192}.Debug|Any CPU.ActiveCfg = Debug|Any CPU
		{C3A35790-337A-4D3F-86E4-E68F5F0BD192}.Debug|Any CPU.Build.0 = Debug|Any CPU
		{C3A35790-337A-4D3F-86E4-E68F5F0BD192}.Release|Any CPU.ActiveCfg = Release|Any CPU
		{C3A35790-337A-4D3F-86E4-E68F5F0BD192}.Release|Any CPU.Build.0 = Release|Any CPU
		{501B408A-3580-4724-9BD9-F6562F67962E}.Debug|Any CPU.ActiveCfg = Debug|Any CPU
		{501B408A-3580-4724-9BD9-F6562F67962E}.Debug|Any CPU.Build.0 = Debug|Any CPU
		{501B408A-3580-4724-9BD9-F6562F67962E}.Release|Any CPU.ActiveCfg = Release|Any CPU
		{501B408A-3580-4724-9BD9-F6562F67962E}.Release|Any CPU.Build.0 = Release|Any CPU
		{02A24AC8-1E78-4E77-BBDD-8CC8AC95307A}.Debug|Any CPU.ActiveCfg = Debug|Any CPU
		{02A24AC8-1E78-4E77-BBDD-8CC8AC95307A}.Debug|Any CPU.Build.0 = Debug|Any CPU
		{02A24AC8-1E78-4E77-BBDD-8CC8AC95307A}.Release|Any CPU.ActiveCfg = Release|Any CPU
		{02A24AC8-1E78-4E77-BBDD-8CC8AC95307A}.Release|Any CPU.Build.0 = Release|Any CPU
	EndGlobalSection
	GlobalSection(SolutionProperties) = preSolution
		HideSolutionNode = FALSE
	EndGlobalSection
	GlobalSection(ExtensibilityGlobals) = postSolution
		SolutionGuid = {C34031DC-414F-4A09-930E-8FC29A8CE15F}
	EndGlobalSection
EndGlobal
